
Microsoft Visual Studio Solution File, Format Version 12.00
# Visual Studio 15
VisualStudioVersion = 15.0.28307.1300
MinimumVisualStudioVersion = 10.0.40219.1
Project("{8BC9CEB8-8B4A-11D0-8D11-00A0C91BC942}") = "пятнашки", "пятнашки\пятнашки.vcxproj", "{64094204-421A-467C-B643-BB844DAFF4EE}"
EndProject
Project("{54435603-DBB4-11D2-8724-00A0C9A8B90C}") = "Установщик", "Установщик.vdproj", "{FA31F8D7-12A9-4183-BC3E-1E77A7EB4661}"
EndProject
Global
	GlobalSection(SolutionConfigurationPlatforms) = preSolution
		Debug|x64 = Debug|x64
		Debug|x86 = Debug|x86
		Release|x64 = Release|x64
		Release|x86 = Release|x86
	EndGlobalSection
	GlobalSection(ProjectConfigurationPlatforms) = postSolution
		{64094204-421A-467C-B643-BB844DAFF4EE}.Debug|x64.ActiveCfg = Release|x64
		{64094204-421A-467C-B643-BB844DAFF4EE}.Debug|x64.Build.0 = Release|x64
		{64094204-421A-467C-B643-BB844DAFF4EE}.Debug|x86.ActiveCfg = Debug|Win32
		{64094204-421A-467C-B643-BB844DAFF4EE}.Debug|x86.Build.0 = Debug|Win32
		{64094204-421A-467C-B643-BB844DAFF4EE}.Release|x64.ActiveCfg = Release|x64
		{64094204-421A-467C-B643-BB844DAFF4EE}.Release|x64.Build.0 = Release|x64
		{64094204-421A-467C-B643-BB844DAFF4EE}.Release|x86.ActiveCfg = Release|Win32
		{64094204-421A-467C-B643-BB844DAFF4EE}.Release|x86.Build.0 = Release|Win32
		{FA31F8D7-12A9-4183-BC3E-1E77A7EB4661}.Debug|x64.ActiveCfg = Debug
		{FA31F8D7-12A9-4183-BC3E-1E77A7EB4661}.Debug|x86.ActiveCfg = Debug
		{FA31F8D7-12A9-4183-BC3E-1E77A7EB4661}.Release|x64.ActiveCfg = Release
		{FA31F8D7-12A9-4183-BC3E-1E77A7EB4661}.Release|x64.Build.0 = Release
		{FA31F8D7-12A9-4183-BC3E-1E77A7EB4661}.Release|x86.ActiveCfg = Release
	EndGlobalSection
	GlobalSection(SolutionProperties) = preSolution
		HideSolutionNode = FALSE
	EndGlobalSection
	GlobalSection(ExtensibilityGlobals) = postSolution
		SolutionGuid = {E4B1E94D-FCF2-484A-AE48-13EE85D5E5E8}
	EndGlobalSection
EndGlobal
